PODS:
  - ReachabilitySwift (5.0.0)
  - SDWebImage (5.12.5):
    - SDWebImage/Core (= 5.12.5)
  - SDWebImage/Core (5.12.5)
  - SwiftLoader (1.0.0)

DEPENDENCIES:
  - ReachabilitySwift
  - SDWebImage (~> 5.0)
  - SwiftLoader

SPEC REPOS:
  trunk:
    - ReachabilitySwift
    - SDWebImage
    - SwiftLoader

SPEC CHECKSUMS:
  ReachabilitySwift: 985039c6f7b23a1da463388634119492ff86c825
  SDWebImage: 0905f1b7760fc8ac4198cae0036600d67478751e
  SwiftLoader: f12f3a6fb42576862a3a5eb80c7e59fc881b6982

PODFILE CHECKSUM: 8f12acc321265bd92d0643322fdfc985f9e19b41

COCOAPODS: 1.11.3
