// !$*UTF8*$!
{
	archiveVersion = 1;
	classes = {
	};
	objectVersion = 55;
	objects = {

/* Begin PBXBuildFile section */
		38525E51C4B8C8F5705FD1B6 /* Pods_football.framework in Frameworks */ = {isa = PBXBuildFile; fileRef = F121E001B09E00E075BF8675 /* Pods_football.framework */; };
		55456EE516D0204C92FFFB72 /* Pods_football_footballUITests.framework in Frameworks */ = {isa = PBXBuildFile; fileRef = 0DD96A65EFBB479112B2BC88 /* Pods_football_footballUITests.framework */; };
		58937B252840F97D00CDF076 /* NetworkConstants.swift in Sources */ = {isa = PBXBuildFile; fileRef = 58937B242840F97D00CDF076 /* NetworkConstants.swift */; };
		58937B27284113D600CDF076 /* LeagueSeasonsCellViewModel.swift in Sources */ = {isa = PBXBuildFile; fileRef = 58937B26284113D600CDF076 /* LeagueSeasonsCellViewModel.swift */; };
		58937B2928420F8600CDF076 /* DateUtility.swift in Sources */ = {isa = PBXBuildFile; fileRef = 58937B2828420F8600CDF076 /* DateUtility.swift */; };
		58937B2B28426A2B00CDF076 /* StandingsCellViewModel.swift in Sources */ = {isa = PBXBuildFile; fileRef = 58937B2A28426A2B00CDF076 /* StandingsCellViewModel.swift */; };
		58937B31284361E400CDF076 /* DateUtilityTests.swift in Sources */ = {isa = PBXBuildFile; fileRef = 58937B30284361E400CDF076 /* DateUtilityTests.swift */; };
		58937B342843632800CDF076 /* SeasonDetailsDataProviderTest.swift in Sources */ = {isa = PBXBuildFile; fileRef = 58937B332843632800CDF076 /* SeasonDetailsDataProviderTest.swift */; };
		58937B37284364D100CDF076 /* FootballLeagueDetailsDataProviderTest.swift in Sources */ = {isa = PBXBuildFile; fileRef = 58937B36284364D100CDF076 /* FootballLeagueDetailsDataProviderTest.swift */; };
		5898401A28390A7F009DE4A2 /* AppDelegate.swift in Sources */ = {isa = PBXBuildFile; fileRef = 5898401928390A7F009DE4A2 /* AppDelegate.swift */; };
		5898401C28390A7F009DE4A2 /* SceneDelegate.swift in Sources */ = {isa = PBXBuildFile; fileRef = 5898401B28390A7F009DE4A2 /* SceneDelegate.swift */; };
		5898402128390A7F009DE4A2 /* Main.storyboard in Resources */ = {isa = PBXBuildFile; fileRef = 5898401F28390A7F009DE4A2 /* Main.storyboard */; };
		5898402328390A80009DE4A2 /* Assets.xcassets in Resources */ = {isa = PBXBuildFile; fileRef = 5898402228390A80009DE4A2 /* Assets.xcassets */; };
		5898402628390A80009DE4A2 /* LaunchScreen.storyboard in Resources */ = {isa = PBXBuildFile; fileRef = 5898402428390A80009DE4A2 /* LaunchScreen.storyboard */; };
		5898404B28392D98009DE4A2 /* EndPoint.swift in Sources */ = {isa = PBXBuildFile; fileRef = 5898404A28392D98009DE4A2 /* EndPoint.swift */; };
		589840552839EB7C009DE4A2 /* FootballLeagueDetailsViewController.swift in Sources */ = {isa = PBXBuildFile; fileRef = 589840542839EB7C009DE4A2 /* FootballLeagueDetailsViewController.swift */; };
		589840572839EBB0009DE4A2 /* FootballLeagueDetailsEndPoints.swift in Sources */ = {isa = PBXBuildFile; fileRef = 589840562839EBB0009DE4A2 /* FootballLeagueDetailsEndPoints.swift */; };
		589840592839F77E009DE4A2 /* FootballLeagueDetailsReponse.swift in Sources */ = {isa = PBXBuildFile; fileRef = 589840582839F77E009DE4A2 /* FootballLeagueDetailsReponse.swift */; };
		5898405F283A0585009DE4A2 /* FootballLeagueDetailsNavigationHandler.swift in Sources */ = {isa = PBXBuildFile; fileRef = 5898405E283A0585009DE4A2 /* FootballLeagueDetailsNavigationHandler.swift */; };
		58984062283A279C009DE4A2 /* FootballLeagueDetailsDataProvider.swift in Sources */ = {isa = PBXBuildFile; fileRef = 58984061283A279C009DE4A2 /* FootballLeagueDetailsDataProvider.swift */; };
		58984064283A27F0009DE4A2 /* FootballLeagueDetailsViewModel.swift in Sources */ = {isa = PBXBuildFile; fileRef = 58984063283A27F0009DE4A2 /* FootballLeagueDetailsViewModel.swift */; };
		58984066283A4B32009DE4A2 /* ClientError.swift in Sources */ = {isa = PBXBuildFile; fileRef = 58984065283A4B32009DE4A2 /* ClientError.swift */; };
		5898406D283A6B2F009DE4A2 /* PremierLeagueSeasonTableCell.swift in Sources */ = {isa = PBXBuildFile; fileRef = 5898406C283A6B2F009DE4A2 /* PremierLeagueSeasonTableCell.swift */; };
		58984081283AA340009DE4A2 /* SeasonDetailsReponse.swift in Sources */ = {isa = PBXBuildFile; fileRef = 58984070283AA340009DE4A2 /* SeasonDetailsReponse.swift */; };
		58984082283AA340009DE4A2 /* SeasonDetailsViewModel.swift in Sources */ = {isa = PBXBuildFile; fileRef = 58984072283AA340009DE4A2 /* SeasonDetailsViewModel.swift */; };
		58984084283AA340009DE4A2 /* SeasonDetailsEndPoints.swift in Sources */ = {isa = PBXBuildFile; fileRef = 58984076283AA340009DE4A2 /* SeasonDetailsEndPoints.swift */; };
		58984086283AA340009DE4A2 /* SeasonDetailsDataProvider.swift in Sources */ = {isa = PBXBuildFile; fileRef = 5898407A283AA340009DE4A2 /* SeasonDetailsDataProvider.swift */; };
		58984087283AA340009DE4A2 /* SeasonTableCell.swift in Sources */ = {isa = PBXBuildFile; fileRef = 5898407D283AA340009DE4A2 /* SeasonTableCell.swift */; };
		58984089283AA340009DE4A2 /* SeasonDetailsViewController.swift in Sources */ = {isa = PBXBuildFile; fileRef = 58984080283AA340009DE4A2 /* SeasonDetailsViewController.swift */; };
		58AFB5B8283B937C00E85972 /* GlobalConstants.swift in Sources */ = {isa = PBXBuildFile; fileRef = 58AFB5B7283B937C00E85972 /* GlobalConstants.swift */; };
		58AFB5BE283BAFE700E85972 /* SeasonDetailsViewModelTest.swift in Sources */ = {isa = PBXBuildFile; fileRef = 58AFB5BD283BAFE700E85972 /* SeasonDetailsViewModelTest.swift */; };
		58AFB5C1283BB53900E85972 /* FootballLeagueDetailsViewModelTest.swift in Sources */ = {isa = PBXBuildFile; fileRef = 58AFB5C0283BB53900E85972 /* FootballLeagueDetailsViewModelTest.swift */; };
		58AFB5C6283BE41600E85972 /* FootballLeagueDetailsViewControllerTests.swift in Sources */ = {isa = PBXBuildFile; fileRef = 58AFB5C5283BE41600E85972 /* FootballLeagueDetailsViewControllerTests.swift */; };
		58EED005284E3A57005DF486 /* FootballLeagueDetailsRequest.swift in Sources */ = {isa = PBXBuildFile; fileRef = 58EED004284E3A57005DF486 /* FootballLeagueDetailsRequest.swift */; };
		58EED007284E480A005DF486 /* MockURLProtocol.swift in Sources */ = {isa = PBXBuildFile; fileRef = 58EED006284E480A005DF486 /* MockURLProtocol.swift */; };
		58EED009284E49FB005DF486 /* APIRequestLoaderTest.swift in Sources */ = {isa = PBXBuildFile; fileRef = 58EED008284E49FB005DF486 /* APIRequestLoaderTest.swift */; };
		58EED00B284E719C005DF486 /* APIRequest.swift in Sources */ = {isa = PBXBuildFile; fileRef = 58EED00A284E719C005DF486 /* APIRequest.swift */; };
		58EED00E284E725F005DF486 /* FootballLeagueDetailsRequestTest.swift in Sources */ = {isa = PBXBuildFile; fileRef = 58EED00D284E725F005DF486 /* FootballLeagueDetailsRequestTest.swift */; };
		58EED011284E74DC005DF486 /* FootballLeagueDetailsResponseMock.json in Resources */ = {isa = PBXBuildFile; fileRef = 58EED010284E74DC005DF486 /* FootballLeagueDetailsResponseMock.json */; };
		58EED013284E79EF005DF486 /* FootballLeagueDetailsResponseMockFail.json in Resources */ = {isa = PBXBuildFile; fileRef = 58EED012284E79EF005DF486 /* FootballLeagueDetailsResponseMockFail.json */; };
		58EED015284F1F36005DF486 /* NetworkingSession.swift in Sources */ = {isa = PBXBuildFile; fileRef = 58EED014284F1F36005DF486 /* NetworkingSession.swift */; };
		58EED019284F234F005DF486 /* BaseXCTestCase.swift in Sources */ = {isa = PBXBuildFile; fileRef = 58EED018284F234F005DF486 /* BaseXCTestCase.swift */; };
		58EED01B284F263C005DF486 /* APIRequestLoader.swift in Sources */ = {isa = PBXBuildFile; fileRef = 58EED01A284F263C005DF486 /* APIRequestLoader.swift */; };
		58EED01D284F2769005DF486 /* SeasonDetailsRequest.swift in Sources */ = {isa = PBXBuildFile; fileRef = 58EED01C284F2769005DF486 /* SeasonDetailsRequest.swift */; };
		58EED01F284F2CE2005DF486 /* SeasonStandingsMock.json in Resources */ = {isa = PBXBuildFile; fileRef = 58EED01E284F2CE2005DF486 /* SeasonStandingsMock.json */; };
		58EED024284F2E27005DF486 /* SeasonDetailsRequestTest.swift in Sources */ = {isa = PBXBuildFile; fileRef = 58EED023284F2E27005DF486 /* SeasonDetailsRequestTest.swift */; };
		58EED026284F2EA1005DF486 /* SeasonStandingsMockFail.json in Resources */ = {isa = PBXBuildFile; fileRef = 58EED025284F2EA0005DF486 /* SeasonStandingsMockFail.json */; };
		58EED028284F5361005DF486 /* MockBadEndpoint.swift in Sources */ = {isa = PBXBuildFile; fileRef = 58EED027284F5361005DF486 /* MockBadEndpoint.swift */; };
		D0621E167728D7E785C8C176 /* Pods_footballTests.framework in Frameworks */ = {isa = PBXBuildFile; fileRef = DBA5967A8E6676129541F944 /* Pods_footballTests.framework */; };
/* End PBXBuildFile section */

/* Begin PBXContainerItemProxy section */
		5898402D28390A81009DE4A2 /* PBXContainerItemProxy */ = {
			isa = PBXContainerItemProxy;
			containerPortal = 5898400E28390A7F009DE4A2 /* Project object */;
			proxyType = 1;
			remoteGlobalIDString = 5898401528390A7F009DE4A2;
			remoteInfo = football;
		};
		5898403728390A81009DE4A2 /* PBXContainerItemProxy */ = {
			isa = PBXContainerItemProxy;
			containerPortal = 5898400E28390A7F009DE4A2 /* Project object */;
			proxyType = 1;
			remoteGlobalIDString = 5898401528390A7F009DE4A2;
			remoteInfo = football;
		};
/* End PBXContainerItemProxy section */

/* Begin PBXFileReference section */
		0DD96A65EFBB479112B2BC88 /* Pods_football_footballUITests.framework */ = {isa = PBXFileReference; explicitFileType = wrapper.framework; includeInIndex = 0; path = Pods_football_footballUITests.framework; sourceTree = BUILT_PRODUCTS_DIR; };
		164F4CA5AEE59EE7907AEE45 /* Pods-footballTests.debug.xcconfig */ = {isa = PBXFileReference; includeInIndex = 1; lastKnownFileType = text.xcconfig; name = "Pods-footballTests.debug.xcconfig"; path = "Target Support Files/Pods-footballTests/Pods-footballTests.debug.xcconfig"; sourceTree = "<group>"; };
		22193DE198E89A48734D4C41 /* Pods-footballTests.release.xcconfig */ = {isa = PBXFileReference; includeInIndex = 1; lastKnownFileType = text.xcconfig; name = "Pods-footballTests.release.xcconfig"; path = "Target Support Files/Pods-footballTests/Pods-footballTests.release.xcconfig"; sourceTree = "<group>"; };
		524AB4275E318729CA8CC3ED /* Pods-football.debug.xcconfig */ = {isa = PBXFileReference; includeInIndex = 1; lastKnownFileType = text.xcconfig; name = "Pods-football.debug.xcconfig"; path = "Target Support Files/Pods-football/Pods-football.debug.xcconfig"; sourceTree = "<group>"; };
		58937B242840F97D00CDF076 /* NetworkConstants.swift */ = {isa = PBXFileReference; lastKnownFileType = sourcecode.swift; path = NetworkConstants.swift; sourceTree = "<group>"; };
		58937B26284113D600CDF076 /* LeagueSeasonsCellViewModel.swift */ = {isa = PBXFileReference; lastKnownFileType = sourcecode.swift; path = LeagueSeasonsCellViewModel.swift; sourceTree = "<group>"; };
		58937B2828420F8600CDF076 /* DateUtility.swift */ = {isa = PBXFileReference; lastKnownFileType = sourcecode.swift; path = DateUtility.swift; sourceTree = "<group>"; };
		58937B2A28426A2B00CDF076 /* StandingsCellViewModel.swift */ = {isa = PBXFileReference; lastKnownFileType = sourcecode.swift; path = StandingsCellViewModel.swift; sourceTree = "<group>"; };
		58937B30284361E400CDF076 /* DateUtilityTests.swift */ = {isa = PBXFileReference; lastKnownFileType = sourcecode.swift; path = DateUtilityTests.swift; sourceTree = "<group>"; };
		58937B332843632800CDF076 /* SeasonDetailsDataProviderTest.swift */ = {isa = PBXFileReference; lastKnownFileType = sourcecode.swift; path = SeasonDetailsDataProviderTest.swift; sourceTree = "<group>"; };
		58937B36284364D100CDF076 /* FootballLeagueDetailsDataProviderTest.swift */ = {isa = PBXFileReference; lastKnownFileType = sourcecode.swift; path = FootballLeagueDetailsDataProviderTest.swift; sourceTree = "<group>"; };
		5898401628390A7F009DE4A2 /* football.app */ = {isa = PBXFileReference; explicitFileType = wrapper.application; includeInIndex = 0; path = football.app; sourceTree = BUILT_PRODUCTS_DIR; };
		5898401928390A7F009DE4A2 /* AppDelegate.swift */ = {isa = PBXFileReference; lastKnownFileType = sourcecode.swift; path = AppDelegate.swift; sourceTree = "<group>"; };
		5898401B28390A7F009DE4A2 /* SceneDelegate.swift */ = {isa = PBXFileReference; lastKnownFileType = sourcecode.swift; path = SceneDelegate.swift; sourceTree = "<group>"; };
		5898402028390A7F009DE4A2 /* Base */ = {isa = PBXFileReference; lastKnownFileType = file.storyboard; name = Base; path = Base.lproj/Main.storyboard; sourceTree = "<group>"; };
		5898402228390A80009DE4A2 /* Assets.xcassets */ = {isa = PBXFileReference; lastKnownFileType = folder.assetcatalog; path = Assets.xcassets; sourceTree = "<group>"; };
		5898402528390A80009DE4A2 /* Base */ = {isa = PBXFileReference; lastKnownFileType = file.storyboard; name = Base; path = Base.lproj/LaunchScreen.storyboard; sourceTree = "<group>"; };
		5898402728390A80009DE4A2 /* Info.plist */ = {isa = PBXFileReference; lastKnownFileType = text.plist.xml; path = Info.plist; sourceTree = "<group>"; };
		5898402C28390A81009DE4A2 /* footballTests.xctest */ = {isa = PBXFileReference; explicitFileType = wrapper.cfbundle; includeInIndex = 0; path = footballTests.xctest; sourceTree = BUILT_PRODUCTS_DIR; };
		5898403628390A81009DE4A2 /* footballUITests.xctest */ = {isa = PBXFileReference; explicitFileType = wrapper.cfbundle; includeInIndex = 0; path = footballUITests.xctest; sourceTree = BUILT_PRODUCTS_DIR; };
		5898404A28392D98009DE4A2 /* EndPoint.swift */ = {isa = PBXFileReference; lastKnownFileType = sourcecode.swift; path = EndPoint.swift; sourceTree = "<group>"; };
		589840542839EB7C009DE4A2 /* FootballLeagueDetailsViewController.swift */ = {isa = PBXFileReference; lastKnownFileType = sourcecode.swift; path = FootballLeagueDetailsViewController.swift; sourceTree = "<group>"; };
		589840562839EBB0009DE4A2 /* FootballLeagueDetailsEndPoints.swift */ = {isa = PBXFileReference; lastKnownFileType = sourcecode.swift; path = FootballLeagueDetailsEndPoints.swift; sourceTree = "<group>"; };
		589840582839F77E009DE4A2 /* FootballLeagueDetailsReponse.swift */ = {isa = PBXFileReference; lastKnownFileType = sourcecode.swift; path = FootballLeagueDetailsReponse.swift; sourceTree = "<group>"; };
		5898405E283A0585009DE4A2 /* FootballLeagueDetailsNavigationHandler.swift */ = {isa = PBXFileReference; lastKnownFileType = sourcecode.swift; path = FootballLeagueDetailsNavigationHandler.swift; sourceTree = "<group>"; };
		58984061283A279C009DE4A2 /* FootballLeagueDetailsDataProvider.swift */ = {isa = PBXFileReference; lastKnownFileType = sourcecode.swift; path = FootballLeagueDetailsDataProvider.swift; sourceTree = "<group>"; };
		58984063283A27F0009DE4A2 /* FootballLeagueDetailsViewModel.swift */ = {isa = PBXFileReference; lastKnownFileType = sourcecode.swift; path = FootballLeagueDetailsViewModel.swift; sourceTree = "<group>"; };
		58984065283A4B32009DE4A2 /* ClientError.swift */ = {isa = PBXFileReference; lastKnownFileType = sourcecode.swift; path = ClientError.swift; sourceTree = "<group>"; };
		5898406C283A6B2F009DE4A2 /* PremierLeagueSeasonTableCell.swift */ = {isa = PBXFileReference; lastKnownFileType = sourcecode.swift; path = PremierLeagueSeasonTableCell.swift; sourceTree = "<group>"; };
		58984070283AA340009DE4A2 /* SeasonDetailsReponse.swift */ = {isa = PBXFileReference; fileEncoding = 4; lastKnownFileType = sourcecode.swift; path = SeasonDetailsReponse.swift; sourceTree = "<group>"; };
		58984072283AA340009DE4A2 /* SeasonDetailsViewModel.swift */ = {isa = PBXFileReference; fileEncoding = 4; lastKnownFileType = sourcecode.swift; path = SeasonDetailsViewModel.swift; sourceTree = "<group>"; };
		58984076283AA340009DE4A2 /* SeasonDetailsEndPoints.swift */ = {isa = PBXFileReference; fileEncoding = 4; lastKnownFileType = sourcecode.swift; path = SeasonDetailsEndPoints.swift; sourceTree = "<group>"; };
		5898407A283AA340009DE4A2 /* SeasonDetailsDataProvider.swift */ = {isa = PBXFileReference; fileEncoding = 4; lastKnownFileType = sourcecode.swift; path = SeasonDetailsDataProvider.swift; sourceTree = "<group>"; };
		5898407D283AA340009DE4A2 /* SeasonTableCell.swift */ = {isa = PBXFileReference; fileEncoding = 4; lastKnownFileType = sourcecode.swift; path = SeasonTableCell.swift; sourceTree = "<group>"; };
		58984080283AA340009DE4A2 /* SeasonDetailsViewController.swift */ = {isa = PBXFileReference; fileEncoding = 4; lastKnownFileType = sourcecode.swift; path = SeasonDetailsViewController.swift; sourceTree = "<group>"; };
		58AFB5B7283B937C00E85972 /* GlobalConstants.swift */ = {isa = PBXFileReference; lastKnownFileType = sourcecode.swift; path = GlobalConstants.swift; sourceTree = "<group>"; };
		58AFB5BD283BAFE700E85972 /* SeasonDetailsViewModelTest.swift */ = {isa = PBXFileReference; lastKnownFileType = sourcecode.swift; path = SeasonDetailsViewModelTest.swift; sourceTree = "<group>"; };
		58AFB5C0283BB53900E85972 /* FootballLeagueDetailsViewModelTest.swift */ = {isa = PBXFileReference; lastKnownFileType = sourcecode.swift; path = FootballLeagueDetailsViewModelTest.swift; sourceTree = "<group>"; };
		58AFB5C5283BE41600E85972 /* FootballLeagueDetailsViewControllerTests.swift */ = {isa = PBXFileReference; lastKnownFileType = sourcecode.swift; path = FootballLeagueDetailsViewControllerTests.swift; sourceTree = "<group>"; };
		58EED004284E3A57005DF486 /* FootballLeagueDetailsRequest.swift */ = {isa = PBXFileReference; lastKnownFileType = sourcecode.swift; path = FootballLeagueDetailsRequest.swift; sourceTree = "<group>"; };
		58EED006284E480A005DF486 /* MockURLProtocol.swift */ = {isa = PBXFileReference; lastKnownFileType = sourcecode.swift; path = MockURLProtocol.swift; sourceTree = "<group>"; };
		58EED008284E49FB005DF486 /* APIRequestLoaderTest.swift */ = {isa = PBXFileReference; lastKnownFileType = sourcecode.swift; path = APIRequestLoaderTest.swift; sourceTree = "<group>"; };
		58EED00A284E719C005DF486 /* APIRequest.swift */ = {isa = PBXFileReference; lastKnownFileType = sourcecode.swift; path = APIRequest.swift; sourceTree = "<group>"; };
		58EED00D284E725F005DF486 /* FootballLeagueDetailsRequestTest.swift */ = {isa = PBXFileReference; lastKnownFileType = sourcecode.swift; path = FootballLeagueDetailsRequestTest.swift; sourceTree = "<group>"; };
		58EED010284E74DC005DF486 /* FootballLeagueDetailsResponseMock.json */ = {isa = PBXFileReference; lastKnownFileType = text.json; path = FootballLeagueDetailsResponseMock.json; sourceTree = "<group>"; };
		58EED012284E79EF005DF486 /* FootballLeagueDetailsResponseMockFail.json */ = {isa = PBXFileReference; lastKnownFileType = text.json; path = FootballLeagueDetailsResponseMockFail.json; sourceTree = "<group>"; };
		58EED014284F1F36005DF486 /* NetworkingSession.swift */ = {isa = PBXFileReference; lastKnownFileType = sourcecode.swift; path = NetworkingSession.swift; sourceTree = "<group>"; };
		58EED018284F234F005DF486 /* BaseXCTestCase.swift */ = {isa = PBXFileReference; lastKnownFileType = sourcecode.swift; path = BaseXCTestCase.swift; sourceTree = "<group>"; };
		58EED01A284F263C005DF486 /* APIRequestLoader.swift */ = {isa = PBXFileReference; lastKnownFileType = sourcecode.swift; path = APIRequestLoader.swift; sourceTree = "<group>"; };
		58EED01C284F2769005DF486 /* SeasonDetailsRequest.swift */ = {isa = PBXFileReference; lastKnownFileType = sourcecode.swift; path = SeasonDetailsRequest.swift; sourceTree = "<group>"; };
		58EED01E284F2CE2005DF486 /* SeasonStandingsMock.json */ = {isa = PBXFileReference; lastKnownFileType = text.json; path = SeasonStandingsMock.json; sourceTree = "<group>"; };
		58EED023284F2E27005DF486 /* SeasonDetailsRequestTest.swift */ = {isa = PBXFileReference; lastKnownFileType = sourcecode.swift; path = SeasonDetailsRequestTest.swift; sourceTree = "<group>"; };
		58EED025284F2EA0005DF486 /* SeasonStandingsMockFail.json */ = {isa = PBXFileReference; fileEncoding = 4; lastKnownFileType = text.json; path = SeasonStandingsMockFail.json; sourceTree = "<group>"; };
		58EED027284F5361005DF486 /* MockBadEndpoint.swift */ = {isa = PBXFileReference; lastKnownFileType = sourcecode.swift; path = MockBadEndpoint.swift; sourceTree = "<group>"; };
		633BDDFBC9F838DE9A06BD3E /* Pods-football-footballUITests.debug.xcconfig */ = {isa = PBXFileReference; includeInIndex = 1; lastKnownFileType = text.xcconfig; name = "Pods-football-footballUITests.debug.xcconfig"; path = "Target Support Files/Pods-football-footballUITests/Pods-football-footballUITests.debug.xcconfig"; sourceTree = "<group>"; };
		B011D05CB17564D7A9507A40 /* Pods-football-footballUITests.release.xcconfig */ = {isa = PBXFileReference; includeInIndex = 1; lastKnownFileType = text.xcconfig; name = "Pods-football-footballUITests.release.xcconfig"; path = "Target Support Files/Pods-football-footballUITests/Pods-football-footballUITests.release.xcconfig"; sourceTree = "<group>"; };
		DBA5967A8E6676129541F944 /* Pods_footballTests.framework */ = {isa = PBXFileReference; explicitFileType = wrapper.framework; includeInIndex = 0; path = Pods_footballTests.framework; sourceTree = BUILT_PRODUCTS_DIR; };
		EE2E039B772EC02D46E8BBEB /* Pods-football.release.xcconfig */ = {isa = PBXFileReference; includeInIndex = 1; lastKnownFileType = text.xcconfig; name = "Pods-football.release.xcconfig"; path = "Target Support Files/Pods-football/Pods-football.release.xcconfig"; sourceTree = "<group>"; };
		F121E001B09E00E075BF8675 /* Pods_football.framework */ = {isa = PBXFileReference; explicitFileType = wrapper.framework; includeInIndex = 0; path = Pods_football.framework; sourceTree = BUILT_PRODUCTS_DIR; };
/* End PBXFileReference section */

/* Begin PBXFrameworksBuildPhase section */
		5898401328390A7F009DE4A2 /* Frameworks */ = {
			isa = PBXFrameworksBuildPhase;
			buildActionMask = 2147483647;
			files = (
				38525E51C4B8C8F5705FD1B6 /* Pods_football.framework in Frameworks */,
			);
			runOnlyForDeploymentPostprocessing = 0;
		};
		5898402928390A81009DE4A2 /* Frameworks */ = {
			isa = PBXFrameworksBuildPhase;
			buildActionMask = 2147483647;
			files = (
				D0621E167728D7E785C8C176 /* Pods_footballTests.framework in Frameworks */,
			);
			runOnlyForDeploymentPostprocessing = 0;
		};
		5898403328390A81009DE4A2 /* Frameworks */ = {
			isa = PBXFrameworksBuildPhase;
			buildActionMask = 2147483647;
			files = (
				55456EE516D0204C92FFFB72 /* Pods_football_footballUITests.framework in Frameworks */,
			);
			runOnlyForDeploymentPostprocessing = 0;
		};
/* End PBXFrameworksBuildPhase section */

/* Begin PBXGroup section */
		58937B2C2842859100CDF076 /* NetworkLayer */ = {
			isa = PBXGroup;
			children = (
				58EED008284E49FB005DF486 /* APIRequestLoaderTest.swift */,
				58EED006284E480A005DF486 /* MockURLProtocol.swift */,
				58EED027284F5361005DF486 /* MockBadEndpoint.swift */,
			);
			path = NetworkLayer;
			sourceTree = "<group>";
		};
		58937B2F284361D800CDF076 /* Helper */ = {
			isa = PBXGroup;
			children = (
				58937B30284361E400CDF076 /* DateUtilityTests.swift */,
			);
			path = Helper;
			sourceTree = "<group>";
		};
		58937B32284362F300CDF076 /* DataProvider */ = {
			isa = PBXGroup;
			children = (
				58937B332843632800CDF076 /* SeasonDetailsDataProviderTest.swift */,
			);
			path = DataProvider;
			sourceTree = "<group>";
		};
		58937B35284364B300CDF076 /* DataProvider */ = {
			isa = PBXGroup;
			children = (
				58937B36284364D100CDF076 /* FootballLeagueDetailsDataProviderTest.swift */,
			);
			path = DataProvider;
			sourceTree = "<group>";
		};
		5898400D28390A7F009DE4A2 = {
			isa = PBXGroup;
			children = (
				5898401828390A7F009DE4A2 /* football */,
				5898402F28390A81009DE4A2 /* footballTests */,
				5898403928390A81009DE4A2 /* footballUITests */,
				5898401728390A7F009DE4A2 /* Products */,
				F68070C132E7BDE7FB31B271 /* Pods */,
				BFE2AA565E951C9564ED0AC0 /* Frameworks */,
			);
			sourceTree = "<group>";
		};
		5898401728390A7F009DE4A2 /* Products */ = {
			isa = PBXGroup;
			children = (
				5898401628390A7F009DE4A2 /* football.app */,
				5898402C28390A81009DE4A2 /* footballTests.xctest */,
				5898403628390A81009DE4A2 /* footballUITests.xctest */,
			);
			name = Products;
			sourceTree = "<group>";
		};
		5898401828390A7F009DE4A2 /* football */ = {
			isa = PBXGroup;
			children = (
				58984067283A5A4F009DE4A2 /* Helper */,
				5898404C2839EA6E009DE4A2 /* Screens */,
				5898404928392437009DE4A2 /* NetworkLayer */,
				5898401928390A7F009DE4A2 /* AppDelegate.swift */,
				5898401B28390A7F009DE4A2 /* SceneDelegate.swift */,
				5898401F28390A7F009DE4A2 /* Main.storyboard */,
				5898402228390A80009DE4A2 /* Assets.xcassets */,
				5898402428390A80009DE4A2 /* LaunchScreen.storyboard */,
				5898402728390A80009DE4A2 /* Info.plist */,
			);
			path = football;
			sourceTree = "<group>";
		};
		5898402F28390A81009DE4A2 /* footballTests */ = {
			isa = PBXGroup;
			children = (
				58EED018284F234F005DF486 /* BaseXCTestCase.swift */,
				58EED00F284E74A6005DF486 /* Mock */,
				58937B2F284361D800CDF076 /* Helper */,
				58937B2C2842859100CDF076 /* NetworkLayer */,
				58AFB5B9283BAFA500E85972 /* Screens */,
			);
			path = footballTests;
			sourceTree = "<group>";
		};
		5898403928390A81009DE4A2 /* footballUITests */ = {
			isa = PBXGroup;
			children = (
				58AFB5C2283BE38600E85972 /* Screens */,
			);
			path = footballUITests;
			sourceTree = "<group>";
		};
		5898404928392437009DE4A2 /* NetworkLayer */ = {
			isa = PBXGroup;
			children = (
				58EED00A284E719C005DF486 /* APIRequest.swift */,
				58EED01A284F263C005DF486 /* APIRequestLoader.swift */,
				58984065283A4B32009DE4A2 /* ClientError.swift */,
				5898404A28392D98009DE4A2 /* EndPoint.swift */,
				58937B242840F97D00CDF076 /* NetworkConstants.swift */,
				58EED014284F1F36005DF486 /* NetworkingSession.swift */,
			);
			path = NetworkLayer;
			sourceTree = "<group>";
		};
		5898404C2839EA6E009DE4A2 /* Screens */ = {
			isa = PBXGroup;
			children = (
				5898406E283AA2CA009DE4A2 /* SeasonDetails */,
				5898404D2839EA96009DE4A2 /* FootballLeagueDetails */,
			);
			path = Screens;
			sourceTree = "<group>";
		};
		5898404D2839EA96009DE4A2 /* FootballLeagueDetails */ = {
			isa = PBXGroup;
			children = (
				589840532839EB5C009DE4A2 /* DataModel */,
				58984060283A26BF009DE4A2 /* DataProvider */,
				589840502839EAC1009DE4A2 /* NavigationHandler */,
				589840512839EACE009DE4A2 /* Service */,
				5898404E2839EAA6009DE4A2 /* ViewController */,
				589840522839EAE8009DE4A2 /* ViewModel */,
			);
			path = FootballLeagueDetails;
			sourceTree = "<group>";
		};
		5898404E2839EAA6009DE4A2 /* ViewController */ = {
			isa = PBXGroup;
			children = (
				5898406B283A6B17009DE4A2 /* Cell */,
				589840542839EB7C009DE4A2 /* FootballLeagueDetailsViewController.swift */,
			);
			path = ViewController;
			sourceTree = "<group>";
		};
		589840502839EAC1009DE4A2 /* NavigationHandler */ = {
			isa = PBXGroup;
			children = (
				5898405E283A0585009DE4A2 /* FootballLeagueDetailsNavigationHandler.swift */,
			);
			path = NavigationHandler;
			sourceTree = "<group>";
		};
		589840512839EACE009DE4A2 /* Service */ = {
			isa = PBXGroup;
			children = (
				589840562839EBB0009DE4A2 /* FootballLeagueDetailsEndPoints.swift */,
				58EED004284E3A57005DF486 /* FootballLeagueDetailsRequest.swift */,
			);
			path = Service;
			sourceTree = "<group>";
		};
		589840522839EAE8009DE4A2 /* ViewModel */ = {
			isa = PBXGroup;
			children = (
				58984063283A27F0009DE4A2 /* FootballLeagueDetailsViewModel.swift */,
			);
			path = ViewModel;
			sourceTree = "<group>";
		};
		589840532839EB5C009DE4A2 /* DataModel */ = {
			isa = PBXGroup;
			children = (
				589840582839F77E009DE4A2 /* FootballLeagueDetailsReponse.swift */,
			);
			path = DataModel;
			sourceTree = "<group>";
		};
		58984060283A26BF009DE4A2 /* DataProvider */ = {
			isa = PBXGroup;
			children = (
				58984061283A279C009DE4A2 /* FootballLeagueDetailsDataProvider.swift */,
			);
			path = DataProvider;
			sourceTree = "<group>";
		};
		58984067283A5A4F009DE4A2 /* Helper */ = {
			isa = PBXGroup;
			children = (
				58AFB5B7283B937C00E85972 /* GlobalConstants.swift */,
				58937B2828420F8600CDF076 /* DateUtility.swift */,
			);
			path = Helper;
			sourceTree = "<group>";
		};
		5898406B283A6B17009DE4A2 /* Cell */ = {
			isa = PBXGroup;
			children = (
				5898406C283A6B2F009DE4A2 /* PremierLeagueSeasonTableCell.swift */,
				58937B26284113D600CDF076 /* LeagueSeasonsCellViewModel.swift */,
			);
			path = Cell;
			sourceTree = "<group>";
		};
		5898406E283AA2CA009DE4A2 /* SeasonDetails */ = {
			isa = PBXGroup;
			children = (
				5898406F283AA340009DE4A2 /* DataModel */,
				58984079283AA340009DE4A2 /* DataProvider */,
				58984075283AA340009DE4A2 /* Service */,
				5898407B283AA340009DE4A2 /* ViewController */,
				58984071283AA340009DE4A2 /* ViewModel */,
			);
			path = SeasonDetails;
			sourceTree = "<group>";
		};
		5898406F283AA340009DE4A2 /* DataModel */ = {
			isa = PBXGroup;
			children = (
				58984070283AA340009DE4A2 /* SeasonDetailsReponse.swift */,
			);
			path = DataModel;
			sourceTree = "<group>";
		};
		58984071283AA340009DE4A2 /* ViewModel */ = {
			isa = PBXGroup;
			children = (
				58984072283AA340009DE4A2 /* SeasonDetailsViewModel.swift */,
			);
			path = ViewModel;
			sourceTree = "<group>";
		};
		58984075283AA340009DE4A2 /* Service */ = {
			isa = PBXGroup;
			children = (
				58984076283AA340009DE4A2 /* SeasonDetailsEndPoints.swift */,
				58EED01C284F2769005DF486 /* SeasonDetailsRequest.swift */,
			);
			path = Service;
			sourceTree = "<group>";
		};
		58984079283AA340009DE4A2 /* DataProvider */ = {
			isa = PBXGroup;
			children = (
				5898407A283AA340009DE4A2 /* SeasonDetailsDataProvider.swift */,
			);
			path = DataProvider;
			sourceTree = "<group>";
		};
		5898407B283AA340009DE4A2 /* ViewController */ = {
			isa = PBXGroup;
			children = (
				5898407C283AA340009DE4A2 /* Cell */,
				58984080283AA340009DE4A2 /* SeasonDetailsViewController.swift */,
			);
			path = ViewController;
			sourceTree = "<group>";
		};
		5898407C283AA340009DE4A2 /* Cell */ = {
			isa = PBXGroup;
			children = (
				5898407D283AA340009DE4A2 /* SeasonTableCell.swift */,
				58937B2A28426A2B00CDF076 /* StandingsCellViewModel.swift */,
			);
			path = Cell;
			sourceTree = "<group>";
		};
		58AFB5B9283BAFA500E85972 /* Screens */ = {
			isa = PBXGroup;
			children = (
				58AFB5BB283BAFB600E85972 /* FootballLeagueDetails */,
				58AFB5BA283BAFAC00E85972 /* SeasonDetails */,
			);
			path = Screens;
			sourceTree = "<group>";
		};
		58AFB5BA283BAFAC00E85972 /* SeasonDetails */ = {
			isa = PBXGroup;
			children = (
				58937B32284362F300CDF076 /* DataProvider */,
				58EED022284F2E0F005DF486 /* Service */,
				58AFB5BF283BB1FE00E85972 /* ViewModel */,
			);
			path = SeasonDetails;
			sourceTree = "<group>";
		};
		58AFB5BB283BAFB600E85972 /* FootballLeagueDetails */ = {
			isa = PBXGroup;
			children = (
				58937B35284364B300CDF076 /* DataProvider */,
				58EED00C284E7246005DF486 /* Service */,
				58AFB5BC283BAFC700E85972 /* ViewModel */,
			);
			path = FootballLeagueDetails;
			sourceTree = "<group>";
		};
		58AFB5BC283BAFC700E85972 /* ViewModel */ = {
			isa = PBXGroup;
			children = (
				58AFB5C0283BB53900E85972 /* FootballLeagueDetailsViewModelTest.swift */,
			);
			path = ViewModel;
			sourceTree = "<group>";
		};
		58AFB5BF283BB1FE00E85972 /* ViewModel */ = {
			isa = PBXGroup;
			children = (
				58AFB5BD283BAFE700E85972 /* SeasonDetailsViewModelTest.swift */,
			);
			path = ViewModel;
			sourceTree = "<group>";
		};
		58AFB5C2283BE38600E85972 /* Screens */ = {
			isa = PBXGroup;
			children = (
				58AFB5C3283BE39B00E85972 /* FootballLeagueDetails */,
			);
			path = Screens;
			sourceTree = "<group>";
		};
		58AFB5C3283BE39B00E85972 /* FootballLeagueDetails */ = {
			isa = PBXGroup;
			children = (
				58AFB5C4283BE3F300E85972 /* ViewController */,
			);
			path = FootballLeagueDetails;
			sourceTree = "<group>";
		};
		58AFB5C4283BE3F300E85972 /* ViewController */ = {
			isa = PBXGroup;
			children = (
				58AFB5C5283BE41600E85972 /* FootballLeagueDetailsViewControllerTests.swift */,
			);
			path = ViewController;
			sourceTree = "<group>";
		};
		58EED00C284E7246005DF486 /* Service */ = {
			isa = PBXGroup;
			children = (
				58EED00D284E725F005DF486 /* FootballLeagueDetailsRequestTest.swift */,
			);
			path = Service;
			sourceTree = "<group>";
		};
		58EED00F284E74A6005DF486 /* Mock */ = {
			isa = PBXGroup;
			children = (
				58EED010284E74DC005DF486 /* FootballLeagueDetailsResponseMock.json */,
				58EED01E284F2CE2005DF486 /* SeasonStandingsMock.json */,
				58EED025284F2EA0005DF486 /* SeasonStandingsMockFail.json */,
				58EED012284E79EF005DF486 /* FootballLeagueDetailsResponseMockFail.json */,
			);
			path = Mock;
			sourceTree = "<group>";
		};
		58EED022284F2E0F005DF486 /* Service */ = {
			isa = PBXGroup;
			children = (
				58EED023284F2E27005DF486 /* SeasonDetailsRequestTest.swift */,
			);
			path = Service;
			sourceTree = "<group>";
		};
		BFE2AA565E951C9564ED0AC0 /* Frameworks */ = {
			isa = PBXGroup;
			children = (
				F121E001B09E00E075BF8675 /* Pods_football.framework */,
				0DD96A65EFBB479112B2BC88 /* Pods_football_footballUITests.framework */,
				DBA5967A8E6676129541F944 /* Pods_footballTests.framework */,
			);
			name = Frameworks;
			sourceTree = "<group>";
		};
		F68070C132E7BDE7FB31B271 /* Pods */ = {
			isa = PBXGroup;
			children = (
				524AB4275E318729CA8CC3ED /* Pods-football.debug.xcconfig */,
				EE2E039B772EC02D46E8BBEB /* Pods-football.release.xcconfig */,
				633BDDFBC9F838DE9A06BD3E /* Pods-football-footballUITests.debug.xcconfig */,
				B011D05CB17564D7A9507A40 /* Pods-football-footballUITests.release.xcconfig */,
				164F4CA5AEE59EE7907AEE45 /* Pods-footballTests.debug.xcconfig */,
				22193DE198E89A48734D4C41 /* Pods-footballTests.release.xcconfig */,
			);
			path = Pods;
			sourceTree = "<group>";
		};
/* End PBXGroup section */

/* Begin PBXNativeTarget section */
		5898401528390A7F009DE4A2 /* football */ = {
			isa = PBXNativeTarget;
			buildConfigurationList = 5898404028390A81009DE4A2 /* Build configuration list for PBXNativeTarget "football" */;
			buildPhases = (
				5445B06D180D19EEDD42CA0A /* [CP] Check Pods Manifest.lock */,
				5898401228390A7F009DE4A2 /* Sources */,
				5898401328390A7F009DE4A2 /* Frameworks */,
				5898401428390A7F009DE4A2 /* Resources */,
				7DA6D3F6AD23424C690AB766 /* [CP] Embed Pods Frameworks */,
			);
			buildRules = (
			);
			dependencies = (
			);
			name = football;
			productName = football;
			productReference = 5898401628390A7F009DE4A2 /* football.app */;
			productType = "com.apple.product-type.application";
		};
		5898402B28390A81009DE4A2 /* footballTests */ = {
			isa = PBXNativeTarget;
			buildConfigurationList = 5898404328390A81009DE4A2 /* Build configuration list for PBXNativeTarget "footballTests" */;
			buildPhases = (
				C4E5D1BC0322CE9EBE5CD4EC /* [CP] Check Pods Manifest.lock */,
				5898402828390A81009DE4A2 /* Sources */,
				5898402928390A81009DE4A2 /* Frameworks */,
				5898402A28390A81009DE4A2 /* Resources */,
			);
			buildRules = (
			);
			dependencies = (
				5898402E28390A81009DE4A2 /* PBXTargetDependency */,
			);
			name = footballTests;
			productName = footballTests;
			productReference = 5898402C28390A81009DE4A2 /* footballTests.xctest */;
			productType = "com.apple.product-type.bundle.unit-test";
		};
		5898403528390A81009DE4A2 /* footballUITests */ = {
			isa = PBXNativeTarget;
			buildConfigurationList = 5898404628390A81009DE4A2 /* Build configuration list for PBXNativeTarget "footballUITests" */;
			buildPhases = (
				1941BA663EAC30F0C43C2D90 /* [CP] Check Pods Manifest.lock */,
				5898403228390A81009DE4A2 /* Sources */,
				5898403328390A81009DE4A2 /* Frameworks */,
				5898403428390A81009DE4A2 /* Resources */,
				C68F618402406901C7AA163F /* [CP] Embed Pods Frameworks */,
			);
			buildRules = (
			);
			dependencies = (
				5898403828390A81009DE4A2 /* PBXTargetDependency */,
			);
			name = footballUITests;
			productName = footballUITests;
			productReference = 5898403628390A81009DE4A2 /* footballUITests.xctest */;
			productType = "com.apple.product-type.bundle.ui-testing";
		};
/* End PBXNativeTarget section */

/* Begin PBXProject section */
		5898400E28390A7F009DE4A2 /* Project object */ = {
			isa = PBXProject;
			attributes = {
				BuildIndependentTargetsInParallel = 1;
				LastSwiftUpdateCheck = 1340;
				LastUpgradeCheck = 1340;
				TargetAttributes = {
					5898401528390A7F009DE4A2 = {
						CreatedOnToolsVersion = 13.4;
					};
					5898402B28390A81009DE4A2 = {
						CreatedOnToolsVersion = 13.4;
						TestTargetID = 5898401528390A7F009DE4A2;
					};
					5898403528390A81009DE4A2 = {
						CreatedOnToolsVersion = 13.4;
						TestTargetID = 5898401528390A7F009DE4A2;
					};
				};
			};
			buildConfigurationList = 5898401128390A7F009DE4A2 /* Build configuration list for PBXProject "football" */;
			compatibilityVersion = "Xcode 13.0";
			developmentRegion = en;
			hasScannedForEncodings = 0;
			knownRegions = (
				en,
				Base,
			);
			mainGroup = 5898400D28390A7F009DE4A2;
			productRefGroup = 5898401728390A7F009DE4A2 /* Products */;
			projectDirPath = "";
			projectRoot = "";
			targets = (
				5898401528390A7F009DE4A2 /* football */,
				5898402B28390A81009DE4A2 /* footballTests */,
				5898403528390A81009DE4A2 /* footballUITests */,
			);
		};
/* End PBXProject section */

/* Begin PBXResourcesBuildPhase section */
		5898401428390A7F009DE4A2 /* Resources */ = {
			isa = PBXResourcesBuildPhase;
			buildActionMask = 2147483647;
			files = (
				5898402628390A80009DE4A2 /* LaunchScreen.storyboard in Resources */,
				5898402328390A80009DE4A2 /* Assets.xcassets in Resources */,
				5898402128390A7F009DE4A2 /* Main.storyboard in Resources */,
			);
			runOnlyForDeploymentPostprocessing = 0;
		};
		5898402A28390A81009DE4A2 /* Resources */ = {
			isa = PBXResourcesBuildPhase;
			buildActionMask = 2147483647;
			files = (
				58EED011284E74DC005DF486 /* FootballLeagueDetailsResponseMock.json in Resources */,
				58EED01F284F2CE2005DF486 /* SeasonStandingsMock.json in Resources */,
				58EED026284F2EA1005DF486 /* SeasonStandingsMockFail.json in Resources */,
				58EED013284E79EF005DF486 /* FootballLeagueDetailsResponseMockFail.json in Resources */,
			);
			runOnlyForDeploymentPostprocessing = 0;
		};
		5898403428390A81009DE4A2 /* Resources */ = {
			isa = PBXResourcesBuildPhase;
			buildActionMask = 2147483647;
			files = (
			);
			runOnlyForDeploymentPostprocessing = 0;
		};
/* End PBXResourcesBuildPhase section */

/* Begin PBXShellScriptBuildPhase section */
		1941BA663EAC30F0C43C2D90 /* [CP] Check Pods Manifest.lock */ = {
			isa = PBXShellScriptBuildPhase;
			buildActionMask = 2147483647;
			files = (
			);
			inputFileListPaths = (
			);
			inputPaths = (
				"${PODS_PODFILE_DIR_PATH}/Podfile.lock",
				"${PODS_ROOT}/Manifest.lock",
			);
			name = "[CP] Check Pods Manifest.lock";
			outputFileListPaths = (
			);
			outputPaths = (
				"$(DERIVED_FILE_DIR)/Pods-football-footballUITests-checkManifestLockResult.txt",
			);
			runOnlyForDeploymentPostprocessing = 0;
			shellPath = /bin/sh;
			shellScript = "diff \"${PODS_PODFILE_DIR_PATH}/Podfile.lock\" \"${PODS_ROOT}/Manifest.lock\" > /dev/null\nif [ $? != 0 ] ; then\n    # print error to STDERR\n    echo \"error: The sandbox is not in sync with the Podfile.lock. Run 'pod install' or update your CocoaPods installation.\" >&2\n    exit 1\nfi\n# This output is used by Xcode 'outputs' to avoid re-running this script phase.\necho \"SUCCESS\" > \"${SCRIPT_OUTPUT_FILE_0}\"\n";
			showEnvVarsInLog = 0;
		};
		5445B06D180D19EEDD42CA0A /* [CP] Check Pods Manifest.lock */ = {
			isa = PBXShellScriptBuildPhase;
			buildActionMask = 2147483647;
			files = (
			);
			inputFileListPaths = (
			);
			inputPaths = (
				"${PODS_PODFILE_DIR_PATH}/Podfile.lock",
				"${PODS_ROOT}/Manifest.lock",
			);
			name = "[CP] Check Pods Manifest.lock";
			outputFileListPaths = (
			);
			outputPaths = (
				"$(DERIVED_FILE_DIR)/Pods-football-checkManifestLockResult.txt",
			);
			runOnlyForDeploymentPostprocessing = 0;
			shellPath = /bin/sh;
			shellScript = "diff \"${PODS_PODFILE_DIR_PATH}/Podfile.lock\" \"${PODS_ROOT}/Manifest.lock\" > /dev/null\nif [ $? != 0 ] ; then\n    # print error to STDERR\n    echo \"error: The sandbox is not in sync with the Podfile.lock. Run 'pod install' or update your CocoaPods installation.\" >&2\n    exit 1\nfi\n# This output is used by Xcode 'outputs' to avoid re-running this script phase.\necho \"SUCCESS\" > \"${SCRIPT_OUTPUT_FILE_0}\"\n";
			showEnvVarsInLog = 0;
		};
		7DA6D3F6AD23424C690AB766 /* [CP] Embed Pods Frameworks */ = {
			isa = PBXShellScriptBuildPhase;
			buildActionMask = 2147483647;
			files = (
			);
			inputFileListPaths = (
				"${PODS_ROOT}/Target Support Files/Pods-football/Pods-football-frameworks-${CONFIGURATION}-input-files.xcfilelist",
			);
			name = "[CP] Embed Pods Frameworks";
			outputFileListPaths = (
				"${PODS_ROOT}/Target Support Files/Pods-football/Pods-football-frameworks-${CONFIGURATION}-output-files.xcfilelist",
			);
			runOnlyForDeploymentPostprocessing = 0;
			shellPath = /bin/sh;
			shellScript = "\"${PODS_ROOT}/Target Support Files/Pods-football/Pods-football-frameworks.sh\"\n";
			showEnvVarsInLog = 0;
		};
		C4E5D1BC0322CE9EBE5CD4EC /* [CP] Check Pods Manifest.lock */ = {
			isa = PBXShellScriptBuildPhase;
			buildActionMask = 2147483647;
			files = (
			);
			inputFileListPaths = (
			);
			inputPaths = (
				"${PODS_PODFILE_DIR_PATH}/Podfile.lock",
				"${PODS_ROOT}/Manifest.lock",
			);
			name = "[CP] Check Pods Manifest.lock";
			outputFileListPaths = (
			);
			outputPaths = (
				"$(DERIVED_FILE_DIR)/Pods-footballTests-checkManifestLockResult.txt",
			);
			runOnlyForDeploymentPostprocessing = 0;
			shellPath = /bin/sh;
			shellScript = "diff \"${PODS_PODFILE_DIR_PATH}/Podfile.lock\" \"${PODS_ROOT}/Manifest.lock\" > /dev/null\nif [ $? != 0 ] ; then\n    # print error to STDERR\n    echo \"error: The sandbox is not in sync with the Podfile.lock. Run 'pod install' or update your CocoaPods installation.\" >&2\n    exit 1\nfi\n# This output is used by Xcode 'outputs' to avoid re-running this script phase.\necho \"SUCCESS\" > \"${SCRIPT_OUTPUT_FILE_0}\"\n";
			showEnvVarsInLog = 0;
		};
		C68F618402406901C7AA163F /* [CP] Embed Pods Frameworks */ = {
			isa = PBXShellScriptBuildPhase;
			buildActionMask = 2147483647;
			files = (
			);
			inputFileListPaths = (
				"${PODS_ROOT}/Target Support Files/Pods-football-footballUITests/Pods-football-footballUITests-frameworks-${CONFIGURATION}-input-files.xcfilelist",
			);
			name = "[CP] Embed Pods Frameworks";
			outputFileListPaths = (
				"${PODS_ROOT}/Target Support Files/Pods-football-footballUITests/Pods-football-footballUITests-frameworks-${CONFIGURATION}-output-files.xcfilelist",
			);
			runOnlyForDeploymentPostprocessing = 0;
			shellPath = /bin/sh;
			shellScript = "\"${PODS_ROOT}/Target Support Files/Pods-football-footballUITests/Pods-football-footballUITests-frameworks.sh\"\n";
			showEnvVarsInLog = 0;
		};
/* End PBXShellScriptBuildPhase section */

/* Begin PBXSourcesBuildPhase section */
		5898401228390A7F009DE4A2 /* Sources */ = {
			isa = PBXSourcesBuildPhase;
			buildActionMask = 2147483647;
			files = (
				58EED01B284F263C005DF486 /* APIRequestLoader.swift in Sources */,
				5898401A28390A7F009DE4A2 /* AppDelegate.swift in Sources */,
				58984087283AA340009DE4A2 /* SeasonTableCell.swift in Sources */,
				58EED005284E3A57005DF486 /* FootballLeagueDetailsRequest.swift in Sources */,
				58EED00B284E719C005DF486 /* APIRequest.swift in Sources */,
				58937B2928420F8600CDF076 /* DateUtility.swift in Sources */,
				5898406D283A6B2F009DE4A2 /* PremierLeagueSeasonTableCell.swift in Sources */,
				58984082283AA340009DE4A2 /* SeasonDetailsViewModel.swift in Sources */,
				5898404B28392D98009DE4A2 /* EndPoint.swift in Sources */,
				58937B2B28426A2B00CDF076 /* StandingsCellViewModel.swift in Sources */,
				58984062283A279C009DE4A2 /* FootballLeagueDetailsDataProvider.swift in Sources */,
				5898405F283A0585009DE4A2 /* FootballLeagueDetailsNavigationHandler.swift in Sources */,
				5898401C28390A7F009DE4A2 /* SceneDelegate.swift in Sources */,
				589840552839EB7C009DE4A2 /* FootballLeagueDetailsViewController.swift in Sources */,
				589840592839F77E009DE4A2 /* FootballLeagueDetailsReponse.swift in Sources */,
				58EED015284F1F36005DF486 /* NetworkingSession.swift in Sources */,
				58937B27284113D600CDF076 /* LeagueSeasonsCellViewModel.swift in Sources */,
				58984086283AA340009DE4A2 /* SeasonDetailsDataProvider.swift in Sources */,
				58984066283A4B32009DE4A2 /* ClientError.swift in Sources */,
				58984089283AA340009DE4A2 /* SeasonDetailsViewController.swift in Sources */,
				58EED01D284F2769005DF486 /* SeasonDetailsRequest.swift in Sources */,
				58984064283A27F0009DE4A2 /* FootballLeagueDetailsViewModel.swift in Sources */,
				589840572839EBB0009DE4A2 /* FootballLeagueDetailsEndPoints.swift in Sources */,
				58984084283AA340009DE4A2 /* SeasonDetailsEndPoints.swift in Sources */,
				58AFB5B8283B937C00E85972 /* GlobalConstants.swift in Sources */,
				58984081283AA340009DE4A2 /* SeasonDetailsReponse.swift in Sources */,
				58937B252840F97D00CDF076 /* NetworkConstants.swift in Sources */,
			);
			runOnlyForDeploymentPostprocessing = 0;
		};
		5898402828390A81009DE4A2 /* Sources */ = {
			isa = PBXSourcesBuildPhase;
			buildActionMask = 2147483647;
			files = (
				58EED019284F234F005DF486 /* BaseXCTestCase.swift in Sources */,
				58EED007284E480A005DF486 /* MockURLProtocol.swift in Sources */,
				58EED00E284E725F005DF486 /* FootballLeagueDetailsRequestTest.swift in Sources */,
				58937B342843632800CDF076 /* SeasonDetailsDataProviderTest.swift in Sources */,
				58AFB5BE283BAFE700E85972 /* SeasonDetailsViewModelTest.swift in Sources */,
				58EED024284F2E27005DF486 /* SeasonDetailsRequestTest.swift in Sources */,
				58EED009284E49FB005DF486 /* APIRequestLoaderTest.swift in Sources */,
				58AFB5C1283BB53900E85972 /* FootballLeagueDetailsViewModelTest.swift in Sources */,
				58937B37284364D100CDF076 /* FootballLeagueDetailsDataProviderTest.swift in Sources */,
				58EED028284F5361005DF486 /* MockBadEndpoint.swift in Sources */,
				58937B31284361E400CDF076 /* DateUtilityTests.swift in Sources */,
			);
			runOnlyForDeploymentPostprocessing = 0;
		};
		5898403228390A81009DE4A2 /* Sources */ = {
			isa = PBXSourcesBuildPhase;
			buildActionMask = 2147483647;
			files = (
				58AFB5C6283BE41600E85972 /* FootballLeagueDetailsViewControllerTests.swift in Sources */,
			);
			runOnlyForDeploymentPostprocessing = 0;
		};
/* End PBXSourcesBuildPhase section */

/* Begin PBXTargetDependency section */
		5898402E28390A81009DE4A2 /* PBXTargetDependency */ = {
			isa = PBXTargetDependency;
			target = 5898401528390A7F009DE4A2 /* football */;
			targetProxy = 5898402D28390A81009DE4A2 /* PBXContainerItemProxy */;
		};
		5898403828390A81009DE4A2 /* PBXTargetDependency */ = {
			isa = PBXTargetDependency;
			target = 5898401528390A7F009DE4A2 /* football */;
			targetProxy = 5898403728390A81009DE4A2 /* PBXContainerItemProxy */;
		};
/* End PBXTargetDependency section */

/* Begin PBXVariantGroup section */
		5898401F28390A7F009DE4A2 /* Main.storyboard */ = {
			isa = PBXVariantGroup;
			children = (
				5898402028390A7F009DE4A2 /* Base */,
			);
			name = Main.storyboard;
			sourceTree = "<group>";
		};
		5898402428390A80009DE4A2 /* LaunchScreen.storyboard */ = {
			isa = PBXVariantGroup;
			children = (
				5898402528390A80009DE4A2 /* Base */,
			);
			name = LaunchScreen.storyboard;
			sourceTree = "<group>";
		};
/* End PBXVariantGroup section */

/* Begin XCBuildConfiguration section */
		5898403E28390A81009DE4A2 /* Debug */ = {
			isa = XCBuildConfiguration;
			buildSettings = {
				ALWAYS_SEARCH_USER_PATHS = NO;
				CLANG_ANALYZER_NONNULL = YES;
				CLANG_ANALYZER_NUMBER_OBJECT_CONVERSION = YES_AGGRESSIVE;
				CLANG_CXX_LANGUAGE_STANDARD = "gnu++17";
				CLANG_ENABLE_MODULES = YES;
				CLANG_ENABLE_OBJC_ARC = YES;
				CLANG_ENABLE_OBJC_WEAK = YES;
				CLANG_WARN_BLOCK_CAPTURE_AUTORELEASING = YES;
				CLANG_WARN_BOOL_CONVERSION = YES;
				CLANG_WARN_COMMA = YES;
				CLANG_WARN_CONSTANT_CONVERSION = YES;
				CLANG_WARN_DEPRECATED_OBJC_IMPLEMENTATIONS = YES;
				CLANG_WARN_DIRECT_OBJC_ISA_USAGE = YES_ERROR;
				CLANG_WARN_DOCUMENTATION_COMMENTS = YES;
				CLANG_WARN_EMPTY_BODY = YES;
				CLANG_WARN_ENUM_CONVERSION = YES;
				CLANG_WARN_INFINITE_RECURSION = YES;
				CLANG_WARN_INT_CONVERSION = YES;
				CLANG_WARN_NON_LITERAL_NULL_CONVERSION = YES;
				CLANG_WARN_OBJC_IMPLICIT_RETAIN_SELF = YES;
				CLANG_WARN_OBJC_LITERAL_CONVERSION = YES;
				CLANG_WARN_OBJC_ROOT_CLASS = YES_ERROR;
				CLANG_WARN_QUOTED_INCLUDE_IN_FRAMEWORK_HEADER = YES;
				CLANG_WARN_RANGE_LOOP_ANALYSIS = YES;
				CLANG_WARN_STRICT_PROTOTYPES = YES;
				CLANG_WARN_SUSPICIOUS_MOVE = YES;
				CLANG_WARN_UNGUARDED_AVAILABILITY = YES_AGGRESSIVE;
				CLANG_WARN_UNREACHABLE_CODE = YES;
				CLANG_WARN__DUPLICATE_METHOD_MATCH = YES;
				COPY_PHASE_STRIP = NO;
				DEBUG_INFORMATION_FORMAT = dwarf;
				ENABLE_STRICT_OBJC_MSGSEND = YES;
				ENABLE_TESTABILITY = YES;
				GCC_C_LANGUAGE_STANDARD = gnu11;
				GCC_DYNAMIC_NO_PIC = NO;
				GCC_NO_COMMON_BLOCKS = YES;
				GCC_OPTIMIZATION_LEVEL = 0;
				GCC_PREPROCESSOR_DEFINITIONS = (
					"DEBUG=1",
					"$(inherited)",
				);
				GCC_WARN_64_TO_32_BIT_CONVERSION = YES;
				GCC_WARN_ABOUT_RETURN_TYPE = YES_ERROR;
				GCC_WARN_UNDECLARED_SELECTOR = YES;
				GCC_WARN_UNINITIALIZED_AUTOS = YES_AGGRESSIVE;
				GCC_WARN_UNUSED_FUNCTION = YES;
				GCC_WARN_UNUSED_VARIABLE = YES;
				IPHONEOS_DEPLOYMENT_TARGET = 15.5;
				MTL_ENABLE_DEBUG_INFO = INCLUDE_SOURCE;
				MTL_FAST_MATH = YES;
				ONLY_ACTIVE_ARCH = YES;
				SDKROOT = iphoneos;
				SWIFT_ACTIVE_COMPILATION_CONDITIONS = DEBUG;
				SWIFT_OPTIMIZATION_LEVEL = "-Onone";
			};
			name = Debug;
		};
		5898403F28390A81009DE4A2 /* Release */ = {
			isa = XCBuildConfiguration;
			buildSettings = {
				ALWAYS_SEARCH_USER_PATHS = NO;
				CLANG_ANALYZER_NONNULL = YES;
				CLANG_ANALYZER_NUMBER_OBJECT_CONVERSION = YES_AGGRESSIVE;
				CLANG_CXX_LANGUAGE_STANDARD = "gnu++17";
				CLANG_ENABLE_MODULES = YES;
				CLANG_ENABLE_OBJC_ARC = YES;
				CLANG_ENABLE_OBJC_WEAK = YES;
				CLANG_WARN_BLOCK_CAPTURE_AUTORELEASING = YES;
				CLANG_WARN_BOOL_CONVERSION = YES;
				CLANG_WARN_COMMA = YES;
				CLANG_WARN_CONSTANT_CONVERSION = YES;
				CLANG_WARN_DEPRECATED_OBJC_IMPLEMENTATIONS = YES;
				CLANG_WARN_DIRECT_OBJC_ISA_USAGE = YES_ERROR;
				CLANG_WARN_DOCUMENTATION_COMMENTS = YES;
				CLANG_WARN_EMPTY_BODY = YES;
				CLANG_WARN_ENUM_CONVERSION = YES;
				CLANG_WARN_INFINITE_RECURSION = YES;
				CLANG_WARN_INT_CONVERSION = YES;
				CLANG_WARN_NON_LITERAL_NULL_CONVERSION = YES;
				CLANG_WARN_OBJC_IMPLICIT_RETAIN_SELF = YES;
				CLANG_WARN_OBJC_LITERAL_CONVERSION = YES;
				CLANG_WARN_OBJC_ROOT_CLASS = YES_ERROR;
				CLANG_WARN_QUOTED_INCLUDE_IN_FRAMEWORK_HEADER = YES;
				CLANG_WARN_RANGE_LOOP_ANALYSIS = YES;
				CLANG_WARN_STRICT_PROTOTYPES = YES;
				CLANG_WARN_SUSPICIOUS_MOVE = YES;
				CLANG_WARN_UNGUARDED_AVAILABILITY = YES_AGGRESSIVE;
				CLANG_WARN_UNREACHABLE_CODE = YES;
				CLANG_WARN__DUPLICATE_METHOD_MATCH = YES;
				COPY_PHASE_STRIP = NO;
				DEBUG_INFORMATION_FORMAT = "dwarf-with-dsym";
				ENABLE_NS_ASSERTIONS = NO;
				ENABLE_STRICT_OBJC_MSGSEND = YES;
				GCC_C_LANGUAGE_STANDARD = gnu11;
				GCC_NO_COMMON_BLOCKS = YES;
				GCC_WARN_64_TO_32_BIT_CONVERSION = YES;
				GCC_WARN_ABOUT_RETURN_TYPE = YES_ERROR;
				GCC_WARN_UNDECLARED_SELECTOR = YES;
				GCC_WARN_UNINITIALIZED_AUTOS = YES_AGGRESSIVE;
				GCC_WARN_UNUSED_FUNCTION = YES;
				GCC_WARN_UNUSED_VARIABLE = YES;
				IPHONEOS_DEPLOYMENT_TARGET = 15.5;
				MTL_ENABLE_DEBUG_INFO = NO;
				MTL_FAST_MATH = YES;
				SDKROOT = iphoneos;
				SWIFT_COMPILATION_MODE = wholemodule;
				SWIFT_OPTIMIZATION_LEVEL = "-O";
				VALIDATE_PRODUCT = YES;
			};
			name = Release;
		};
		5898404128390A81009DE4A2 /* Debug */ = {
			isa = XCBuildConfiguration;
			baseConfigurationReference = 524AB4275E318729CA8CC3ED /* Pods-football.debug.xcconfig */;
			buildSettings = {
				ASSETCATALOG_COMPILER_APPICON_NAME = AppIcon;
				ASSETCATALOG_COMPILER_GLOBAL_ACCENT_COLOR_NAME = AccentColor;
				CODE_SIGN_STYLE = Automatic;
				CURRENT_PROJECT_VERSION = 1;
				GENERATE_INFOPLIST_FILE = YES;
				INFOPLIST_FILE = football/Info.plist;
				INFOPLIST_KEY_UIApplicationSupportsIndirectInputEvents = YES;
				INFOPLIST_KEY_UILaunchStoryboardName = LaunchScreen;
				INFOPLIST_KEY_UIMainStoryboardFile = Main;
				INFOPLIST_KEY_UISupportedInterfaceOrientations_iPad = "UIInterfaceOrientationPortrait UIInterfaceOrientationPortraitUpsideDown UIInterfaceOrientationLandscapeLeft UIInterfaceOrientationLandscapeRight";
				INFOPLIST_KEY_UISupportedInterfaceOrientations_iPhone = "UIInterfaceOrientationPortrait UIInterfaceOrientationLandscapeLeft UIInterfaceOrientationLandscapeRight";
				IPHONEOS_DEPLOYMENT_TARGET = 13.0;
				LD_RUNPATH_SEARCH_PATHS = (
					"$(inherited)",
					"@executable_path/Frameworks",
				);
				MARKETING_VERSION = 1.0;
				PRODUCT_BUNDLE_IDENTIFIER = com.itesh.football;
				PRODUCT_NAME = "$(TARGET_NAME)";
				SWIFT_EMIT_LOC_STRINGS = YES;
				SWIFT_VERSION = 5.0;
				TARGETED_DEVICE_FAMILY = 1;
			};
			name = Debug;
		};
		5898404228390A81009DE4A2 /* Release */ = {
			isa = XCBuildConfiguration;
			baseConfigurationReference = EE2E039B772EC02D46E8BBEB /* Pods-football.release.xcconfig */;
			buildSettings = {
				ASSETCATALOG_COMPILER_APPICON_NAME = AppIcon;
				ASSETCATALOG_COMPILER_GLOBAL_ACCENT_COLOR_NAME = AccentColor;
				CODE_SIGN_STYLE = Automatic;
				CURRENT_PROJECT_VERSION = 1;
				GENERATE_INFOPLIST_FILE = YES;
				INFOPLIST_FILE = football/Info.plist;
				INFOPLIST_KEY_UIApplicationSupportsIndirectInputEvents = YES;
				INFOPLIST_KEY_UILaunchStoryboardName = LaunchScreen;
				INFOPLIST_KEY_UIMainStoryboardFile = Main;
				INFOPLIST_KEY_UISupportedInterfaceOrientations_iPad = "UIInterfaceOrientationPortrait UIInterfaceOrientationPortraitUpsideDown UIInterfaceOrientationLandscapeLeft UIInterfaceOrientationLandscapeRight";
				INFOPLIST_KEY_UISupportedInterfaceOrientations_iPhone = "UIInterfaceOrientationPortrait UIInterfaceOrientationLandscapeLeft UIInterfaceOrientationLandscapeRight";
				IPHONEOS_DEPLOYMENT_TARGET = 13.0;
				LD_RUNPATH_SEARCH_PATHS = (
					"$(inherited)",
					"@executable_path/Frameworks",
				);
				MARKETING_VERSION = 1.0;
				PRODUCT_BUNDLE_IDENTIFIER = com.itesh.football;
				PRODUCT_NAME = "$(TARGET_NAME)";
				SWIFT_EMIT_LOC_STRINGS = YES;
				SWIFT_VERSION = 5.0;
				TARGETED_DEVICE_FAMILY = 1;
			};
			name = Release;
		};
		5898404428390A81009DE4A2 /* Debug */ = {
			isa = XCBuildConfiguration;
			baseConfigurationReference = 164F4CA5AEE59EE7907AEE45 /* Pods-footballTests.debug.xcconfig */;
			buildSettings = {
				ALWAYS_EMBED_SWIFT_STANDARD_LIBRARIES = YES;
				BUNDLE_LOADER = "$(TEST_HOST)";
				CODE_SIGN_STYLE = Automatic;
				CURRENT_PROJECT_VERSION = 1;
				GENERATE_INFOPLIST_FILE = YES;
				IPHONEOS_DEPLOYMENT_TARGET = 15.5;
				MARKETING_VERSION = 1.0;
				PRODUCT_BUNDLE_IDENTIFIER = com.itesh.footballTests;
				PRODUCT_NAME = "$(TARGET_NAME)";
				SWIFT_EMIT_LOC_STRINGS = NO;
				SWIFT_VERSION = 5.0;
				TARGETED_DEVICE_FAMILY = "1,2";
				TEST_HOST = "$(BUILT_PRODUCTS_DIR)/football.app/football";
			};
			name = Debug;
		};
		5898404528390A81009DE4A2 /* Release */ = {
			isa = XCBuildConfiguration;
			baseConfigurationReference = 22193DE198E89A48734D4C41 /* Pods-footballTests.release.xcconfig */;
			buildSettings = {
				ALWAYS_EMBED_SWIFT_STANDARD_LIBRARIES = YES;
				BUNDLE_LOADER = "$(TEST_HOST)";
				CODE_SIGN_STYLE = Automatic;
				CURRENT_PROJECT_VERSION = 1;
				GENERATE_INFOPLIST_FILE = YES;
				IPHONEOS_DEPLOYMENT_TARGET = 15.5;
				MARKETING_VERSION = 1.0;
				PRODUCT_BUNDLE_IDENTIFIER = com.itesh.footballTests;
				PRODUCT_NAME = "$(TARGET_NAME)";
				SWIFT_EMIT_LOC_STRINGS = NO;
				SWIFT_VERSION = 5.0;
				TARGETED_DEVICE_FAMILY = "1,2";
				TEST_HOST = "$(BUILT_PRODUCTS_DIR)/football.app/football";
			};
			name = Release;
		};
		5898404728390A81009DE4A2 /* Debug */ = {
			isa = XCBuildConfiguration;
			baseConfigurationReference = 633BDDFBC9F838DE9A06BD3E /* Pods-football-footballUITests.debug.xcconfig */;
			buildSettings = {
				ALWAYS_EMBED_SWIFT_STANDARD_LIBRARIES = YES;
				CODE_SIGN_STYLE = Automatic;
				CURRENT_PROJECT_VERSION = 1;
				GENERATE_INFOPLIST_FILE = YES;
				MARKETING_VERSION = 1.0;
				PRODUCT_BUNDLE_IDENTIFIER = com.itesh.footballUITests;
				PRODUCT_NAME = "$(TARGET_NAME)";
				SWIFT_EMIT_LOC_STRINGS = NO;
				SWIFT_VERSION = 5.0;
				TARGETED_DEVICE_FAMILY = "1,2";
				TEST_TARGET_NAME = football;
			};
			name = Debug;
		};
		5898404828390A81009DE4A2 /* Release */ = {
			isa = XCBuildConfiguration;
			baseConfigurationReference = B011D05CB17564D7A9507A40 /* Pods-football-footballUITests.release.xcconfig */;
			buildSettings = {
				ALWAYS_EMBED_SWIFT_STANDARD_LIBRARIES = YES;
				CODE_SIGN_STYLE = Automatic;
				CURRENT_PROJECT_VERSION = 1;
				GENERATE_INFOPLIST_FILE = YES;
				MARKETING_VERSION = 1.0;
				PRODUCT_BUNDLE_IDENTIFIER = com.itesh.footballUITests;
				PRODUCT_NAME = "$(TARGET_NAME)";
				SWIFT_EMIT_LOC_STRINGS = NO;
				SWIFT_VERSION = 5.0;
				TARGETED_DEVICE_FAMILY = "1,2";
				TEST_TARGET_NAME = football;
			};
			name = Release;
		};
/* End XCBuildConfiguration section */

/* Begin XCConfigurationList section */
		5898401128390A7F009DE4A2 /* Build configuration list for PBXProject "football" */ = {
			isa = XCConfigurationList;
			buildConfigurations = (
				5898403E28390A81009DE4A2 /* Debug */,
				5898403F28390A81009DE4A2 /* Release */,
			);
			defaultConfigurationIsVisible = 0;
			defaultConfigurationName = Release;
		};
		5898404028390A81009DE4A2 /* Build configuration list for PBXNativeTarget "football" */ = {
			isa = XCConfigurationList;
			buildConfigurations = (
				5898404128390A81009DE4A2 /* Debug */,
				5898404228390A81009DE4A2 /* Release */,
			);
			defaultConfigurationIsVisible = 0;
			defaultConfigurationName = Release;
		};
		5898404328390A81009DE4A2 /* Build configuration list for PBXNativeTarget "footballTests" */ = {
			isa = XCConfigurationList;
			buildConfigurations = (
				5898404428390A81009DE4A2 /* Debug */,
				5898404528390A81009DE4A2 /* Release */,
			);
			defaultConfigurationIsVisible = 0;
			defaultConfigurationName = Release;
		};
		5898404628390A81009DE4A2 /* Build configuration list for PBXNativeTarget "footballUITests" */ = {
			isa = XCConfigurationList;
			buildConfigurations = (
				5898404728390A81009DE4A2 /* Debug */,
				5898404828390A81009DE4A2 /* Release */,
			);
			defaultConfigurationIsVisible = 0;
			defaultConfigurationName = Release;
		};
/* End XCConfigurationList section */
	};
	rootObject = 5898400E28390A7F009DE4A2 /* Project object */;
}
